
Microsoft Visual Studio Solution File, Format Version 12.00
# Visual Studio Version 16
VisualStudioVersion = 16.6.30114.105
MinimumVisualStudioVersion = 10.0.40219.1
Project("{FAE04EC0-301F-11D3-BF4B-00C04F79EFBC}") = "LOLParser", "LOLParser\LOLParser.csproj", "{6CABB913-416D-49E6-BCDF-95E2B46DD4B9}"
EndProject
Project("{FAE04EC0-301F-11D3-BF4B-00C04F79EFBC}") = "LOLInterp", "LOLInterp\LOLInterp.csproj", "{74C36041-DD17-42A2-8B89-F2A1C933ACA1}"
EndProject
Project("{FAE04EC0-301F-11D3-BF4B-00C04F79EFBC}") = "LOLParser.Tests", "LOLParser.Tests\LOLParser.Tests.csproj", "{90EC1D8D-7C61-4024-B571-5B1C503F09CF}"
EndProject
Global
	GlobalSection(SolutionConfigurationPlatforms) = preSolution
		Debug|Any CPU = Debug|Any CPU
		Debug|x64 = Debug|x64
		Debug|x86 = Debug|x86
		Release|Any CPU = Release|Any CPU
		Release|x64 = Release|x64
		Release|x86 = Release|x86
	EndGlobalSection
	GlobalSection(SolutionProperties) = preSolution
		HideSolutionNode = FALSE
	EndGlobalSection
	GlobalSection(ProjectConfigurationPlatforms) = postSolution
		{6CABB913-416D-49E6-BCDF-95E2B46DD4B9}.Debug|Any CPU.ActiveCfg = Debug|Any CPU
		{6CABB913-416D-49E6-BCDF-95E2B46DD4B9}.Debug|Any CPU.Build.0 = Debug|Any CPU
		{6CABB913-416D-49E6-BCDF-95E2B46DD4B9}.Debug|x64.ActiveCfg = Debug|Any CPU
		{6CABB913-416D-49E6-BCDF-95E2B46DD4B9}.Debug|x64.Build.0 = Debug|Any CPU
		{6CABB913-416D-49E6-BCDF-95E2B46DD4B9}.Debug|x86.ActiveCfg = Debug|Any CPU
		{6CABB913-416D-49E6-BCDF-95E2B46DD4B9}.Debug|x86.Build.0 = Debug|Any CPU
		{6CABB913-416D-49E6-BCDF-95E2B46DD4B9}.Release|Any CPU.ActiveCfg = Release|Any CPU
		{6CABB913-416D-49E6-BCDF-95E2B46DD4B9}.Release|Any CPU.Build.0 = Release|Any CPU
		{6CABB913-416D-49E6-BCDF-95E2B46DD4B9}.Release|x64.ActiveCfg = Release|Any CPU
		{6CABB913-416D-49E6-BCDF-95E2B46DD4B9}.Release|x64.Build.0 = Release|Any CPU
		{6CABB913-416D-49E6-BCDF-95E2B46DD4B9}.Release|x86.ActiveCfg = Release|Any CPU
		{6CABB913-416D-49E6-BCDF-95E2B46DD4B9}.Release|x86.Build.0 = Release|Any CPU
		{74C36041-DD17-42A2-8B89-F2A1C933ACA1}.Debug|Any CPU.ActiveCfg = Debug|Any CPU
		{74C36041-DD17-42A2-8B89-F2A1C933ACA1}.Debug|Any CPU.Build.0 = Debug|Any CPU
		{74C36041-DD17-42A2-8B89-F2A1C933ACA1}.Debug|x64.ActiveCfg = Debug|Any CPU
		{74C36041-DD17-42A2-8B89-F2A1C933ACA1}.Debug|x64.Build.0 = Debug|Any CPU
		{74C36041-DD17-42A2-8B89-F2A1C933ACA1}.Debug|x86.ActiveCfg = Debug|Any CPU
		{74C36041-DD17-42A2-8B89-F2A1C933ACA1}.Debug|x86.Build.0 = Debug|Any CPU
		{74C36041-DD17-42A2-8B89-F2A1C933ACA1}.Release|Any CPU.ActiveCfg = Release|Any CPU
		{74C36041-DD17-42A2-8B89-F2A1C933ACA1}.Release|Any CPU.Build.0 = Release|Any CPU
		{74C36041-DD17-42A2-8B89-F2A1C933ACA1}.Release|x64.ActiveCfg = Release|Any CPU
		{74C36041-DD17-42A2-8B89-F2A1C933ACA1}.Release|x64.Build.0 = Release|Any CPU
		{74C36041-DD17-42A2-8B89-F2A1C933ACA1}.Release|x86.ActiveCfg = Release|Any CPU
		{74C36041-DD17-42A2-8B89-F2A1C933ACA1}.Release|x86.Build.0 = Release|Any CPU
		{90EC1D8D-7C61-4024-B571-5B1C503F09CF}.Debug|Any CPU.ActiveCfg = Debug|Any CPU
		{90EC1D8D-7C61-4024-B571-5B1C503F09CF}.Debug|Any CPU.Build.0 = Debug|Any CPU
		{90EC1D8D-7C61-4024-B571-5B1C503F09CF}.Debug|x64.ActiveCfg = Debug|Any CPU
		{90EC1D8D-7C61-4024-B571-5B1C503F09CF}.Debug|x64.Build.0 = Debug|Any CPU
		{90EC1D8D-7C61-4024-B571-5B1C503F09CF}.Debug|x86.ActiveCfg = Debug|Any CPU
		{90EC1D8D-7C61-4024-B571-5B1C503F09CF}.Debug|x86.Build.0 = Debug|Any CPU
		{90EC1D8D-7C61-4024-B571-5B1C503F09CF}.Release|Any CPU.ActiveCfg = Release|Any CPU
		{90EC1D8D-7C61-4024-B571-5B1C503F09CF}.Release|Any CPU.Build.0 = Release|Any CPU
		{90EC1D8D-7C61-4024-B571-5B1C503F09CF}.Release|x64.ActiveCfg = Release|Any CPU
		{90EC1D8D-7C61-4024-B571-5B1C503F09CF}.Release|x64.Build.0 = Release|Any CPU
		{90EC1D8D-7C61-4024-B571-5B1C503F09CF}.Release|x86.ActiveCfg = Release|Any CPU
		{90EC1D8D-7C61-4024-B571-5B1C503F09CF}.Release|x86.Build.0 = Release|Any CPU
	EndGlobalSection
EndGlobal
