
Microsoft Visual Studio Solution File, Format Version 12.00
# Visual Studio Version 17
VisualStudioVersion = 17.0.31903.59
MinimumVisualStudioVersion = 10.0.40219.1
Project("{FAE04EC0-301F-11D3-BF4B-00C04F79EFBC}") = "GAST", "GAST\GAST.csproj", "{42D308F3-8C27-46CA-8912-6727DC97E285}"
EndProject
Project("{FAE04EC0-301F-11D3-BF4B-00C04F79EFBC}") = "GASTTest", "GASTTest\GASTTest.csproj", "{1A6BB739-494D-4641-A8F3-36187BACA4F7}"
EndProject
Global
	GlobalSection(SolutionConfigurationPlatforms) = preSolution
		Debug|Any CPU = Debug|Any CPU
		Release|Any CPU = Release|Any CPU
	EndGlobalSection
	GlobalSection(SolutionProperties) = preSolution
		HideSolutionNode = FALSE
	EndGlobalSection
	GlobalSection(ProjectConfigurationPlatforms) = postSolution
		{42D308F3-8C27-46CA-8912-6727DC97E285}.Debug|Any CPU.ActiveCfg = Debug|Any CPU
		{42D308F3-8C27-46CA-8912-6727DC97E285}.Debug|Any CPU.Build.0 = Debug|Any CPU
		{42D308F3-8C27-46CA-8912-6727DC97E285}.Release|Any CPU.ActiveCfg = Release|Any CPU
		{42D308F3-8C27-46CA-8912-6727DC97E285}.Release|Any CPU.Build.0 = Release|Any CPU
		{1A6BB739-494D-4641-A8F3-36187BACA4F7}.Debug|Any CPU.ActiveCfg = Debug|Any CPU
		{1A6BB739-494D-4641-A8F3-36187BACA4F7}.Debug|Any CPU.Build.0 = Debug|Any CPU
		{1A6BB739-494D-4641-A8F3-36187BACA4F7}.Release|Any CPU.ActiveCfg = Release|Any CPU
		{1A6BB739-494D-4641-A8F3-36187BACA4F7}.Release|Any CPU.Build.0 = Release|Any CPU
	EndGlobalSection
EndGlobal
